{
  "version": 4,
  "terraform_version": "1.0.9",
  "serial": 4,
  "lineage": "1ffa0a03-0645-c044-cd1e-771c0ab5408e",
  "outputs": {},
  "resources": [
    {
      "mode": "data",
      "type": "azuread_service_principal",
      "name": "aks_principal",
      "provider": "provider[\"registry.terraform.io/hashicorp/azuread\"]",
      "instances": [
        {
          "schema_version": 0,
          "attributes": {
            "account_enabled": true,
            "alternative_names": [],
            "app_role_assignment_required": false,
            "app_role_ids": {},
            "app_roles": [],
            "application_id": "99cdd96a-35bd-4bc3-9a17-b85aab05e7f7",
            "application_tenant_id": "5c9e059c-3929-4dcd-a2da-b11cd4e8b1d4",
            "description": "",
            "display_name": "azure-cli-2021-11-07-23-45-28",
            "feature_tags": [
              {
                "custom_single_sign_on": false,
                "enterprise": false,
                "gallery": false,
                "hide": false
              }
            ],
            "features": [
              {
                "custom_single_sign_on_app": false,
                "enterprise_application": false,
                "gallery_application": false,
                "visible_to_users": true
              }
            ],
            "homepage_url": "",
            "id": "443b49ce-decb-45d0-8a44-a1f7f9070c69",
            "login_url": "",
            "logout_url": "",
            "notes": "",
            "notification_email_addresses": [],
            "oauth2_permission_scope_ids": {
              "user_impersonation": "8225f531-d8d4-40db-adfb-332587a78870"
            },
            "oauth2_permission_scopes": [
              {
                "admin_consent_description": "Allow the application to access azure-cli-2021-11-07-23-45-28 on behalf of the signed-in user.",
                "admin_consent_display_name": "Access azure-cli-2021-11-07-23-45-28",
                "enabled": true,
                "id": "8225f531-d8d4-40db-adfb-332587a78870",
                "type": "User",
                "user_consent_description": "Allow the application to access azure-cli-2021-11-07-23-45-28 on your behalf.",
                "user_consent_display_name": "Access azure-cli-2021-11-07-23-45-28",
                "value": "user_impersonation"
              }
            ],
            "object_id": "443b49ce-decb-45d0-8a44-a1f7f9070c69",
            "preferred_single_sign_on_mode": "",
            "redirect_uris": [],
            "saml_metadata_url": "",
            "saml_single_sign_on": [],
            "service_principal_names": [],
            "sign_in_audience": "AzureADMyOrg",
            "tags": [],
            "timeouts": null,
            "type": "Application"
          },
          "sensitive_attributes": []
        }
      ]
    },
    {
      "mode": "managed",
      "type": "azurerm_resource_group",
      "name": "rg-michael",
      "provider": "provider[\"registry.terraform.io/hashicorp/azurerm\"]",
      "instances": [
        {
          "schema_version": 0,
          "attributes": {
            "id": "/subscriptions/0951ae37-0e9f-487f-a669-8d8d2da39e65/resourceGroups/rg-michael",
            "location": "eastus",
            "name": "rg-michael",
            "tags": null,
            "timeouts": null
          },
          "sensitive_attributes": [],
          "private": "eyJlMmJmYjczMC1lY2FhLTExZTYtOGY4OC0zNDM2M2JjN2M0YzAiOnsiY3JlYXRlIjo1NDAwMDAwMDAwMDAwLCJkZWxldGUiOjU0MDAwMDAwMDAwMDAsInJlYWQiOjMwMDAwMDAwMDAwMCwidXBkYXRlIjo1NDAwMDAwMDAwMDAwfX0="
        }
      ]
    },
    {
      "mode": "managed",
      "type": "azurerm_role_assignment",
      "name": "acrpull-michael",
      "provider": "provider[\"registry.terraform.io/hashicorp/azurerm\"]",
      "instances": []
    }
  ]
}
